
Microsoft Visual Studio Solution File, Format Version 12.00
# Visual Studio Version 16
VisualStudioVersion = 16.0.29926.136
MinimumVisualStudioVersion = 10.0.40219.1
Project("{9A19103F-16F7-4668-BE54-9A1E7A4F7556}") = "Crip.AspNetCore.Web", "Crip.AspNetCore.Web\Crip.AspNetCore.Web.csproj", "{9CA78843-71C2-4B39-9FE0-9B805119AF41}"
EndProject
Project("{2150E333-8FDC-42A3-9474-1A3956D46DE8}") = "Core", "Core", "{97B69DAB-27C3-4152-A89B-9A9F0E308468}"
EndProject
Project("{2150E333-8FDC-42A3-9474-1A3956D46DE8}") = "Infrastructure", "Infrastructure", "{7201F9E6-D64F-445E-A8AF-0D9292E26BD4}"
EndProject
Project("{2150E333-8FDC-42A3-9474-1A3956D46DE8}") = "Presentation", "Presentation", "{86696022-B5A3-416B-81EB-0427FEA87069}"
EndProject
Project("{9A19103F-16F7-4668-BE54-9A1E7A4F7556}") = "Crip.AspNetCore.Domain", "Crip.AspNetCore.Domain\Crip.AspNetCore.Domain.csproj", "{2C29B07B-7C88-4E1A-A096-90CF7AD4ED88}"
EndProject
Project("{9A19103F-16F7-4668-BE54-9A1E7A4F7556}") = "Crip.AspNetCore.Data", "Crip.AspNetCore.Data\Crip.AspNetCore.Data.csproj", "{250B3F6E-5A42-4E93-8665-FFFD8E8D4D3B}"
EndProject
Project("{9A19103F-16F7-4668-BE54-9A1E7A4F7556}") = "Crip.AspNetCore.Application", "Crip.AspNetCore.Application\Crip.AspNetCore.Application.csproj", "{B34831D3-F860-4191-AF23-4494FA8298A7}"
EndProject
Project("{2150E333-8FDC-42A3-9474-1A3956D46DE8}") = "Docs", "Docs", "{59B224AD-16A2-4B5D-A65B-88C6DDF209ED}"
	ProjectSection(SolutionItems) = preProject
		README.md = README.md
	EndProjectSection
EndProject
Project("{2150E333-8FDC-42A3-9474-1A3956D46DE8}") = "Solution Items", "Solution Items", "{0E705499-CE12-4A6E-8073-A211BC5EC73F}"
	ProjectSection(SolutionItems) = preProject
		.editorconfig = .editorconfig
		.gitattributes = .gitattributes
		.gitignore = .gitignore
		.config\dotnet-tools.json = .config\dotnet-tools.json
	EndProjectSection
EndProject
Project("{9A19103F-16F7-4668-BE54-9A1E7A4F7556}") = "Crip.AspNetCore.Identity", "Crip.AspNetCore.Identity\Crip.AspNetCore.Identity.csproj", "{9F0A9C49-6D58-4577-8992-511B43DE8E2C}"
EndProject
Project("{2150E333-8FDC-42A3-9474-1A3956D46DE8}") = "Tests", "Tests", "{00E0B9FD-547F-4BDA-B256-686EB3F72980}"
EndProject
Project("{FAE04EC0-301F-11D3-BF4B-00C04F79EFBC}") = "Crip.AspNetCore.Application.Tests", "Crip.AspNetCore.Application.Tests\Crip.AspNetCore.Application.Tests.csproj", "{82F55634-600E-4184-8F8E-5DADDDE2639E}"
EndProject
Project("{FAE04EC0-301F-11D3-BF4B-00C04F79EFBC}") = "Crip.AspNetCore.Infrastructure", "Crip.AspNetCore.Infrastructure\Crip.AspNetCore.Infrastructure.csproj", "{CB0D561D-9B09-4D0F-ADAB-C439EF3023EF}"
EndProject
Project("{FAE04EC0-301F-11D3-BF4B-00C04F79EFBC}") = "Crip.AspNetCore.Web.IntegrationTests", "Crip.AspNetCore.Web.IntegrationTests\Crip.AspNetCore.Web.IntegrationTests.csproj", "{203FF3E3-EF43-425C-94AE-C63CC664FDA6}"
EndProject
Project("{FAE04EC0-301F-11D3-BF4B-00C04F79EFBC}") = "Crip.AspNetCore.Shared", "Crip.AspNetCore.Shared\Crip.AspNetCore.Shared.csproj", "{8D712E39-FF27-4D20-AB0F-C53AB10DF2BF}"
EndProject
Project("{FAE04EC0-301F-11D3-BF4B-00C04F79EFBC}") = "Crip.AspNetCore.Shared.Tests", "Crip.AspNetCore.Shared.Tests\Crip.AspNetCore.Shared.Tests.csproj", "{8871ECC0-896A-4ED3-892F-D3F0F7A1153D}"
EndProject
Project("{FAE04EC0-301F-11D3-BF4B-00C04F79EFBC}") = "Crip.AspNetCore.Logging", "Crip.AspNetCore.Logging\Crip.AspNetCore.Logging.csproj", "{08E8FB61-5A2E-4AF9-9441-20AAE0F6F06F}"
EndProject
Project("{FAE04EC0-301F-11D3-BF4B-00C04F79EFBC}") = "Crip.AspNetCore.Logging.Tests", "Crip.AspNetCore.Logging.Tests\Crip.AspNetCore.Logging.Tests.csproj", "{4B5BEB46-182C-4581-9D9C-5A930628A0D0}"
EndProject
Project("{FAE04EC0-301F-11D3-BF4B-00C04F79EFBC}") = "Crip.AspNetCore.Tests", "Crip.AspNetCore.Tests\Crip.AspNetCore.Tests.csproj", "{4FA58AF2-DF66-4403-A0EF-BC6D80F94323}"
EndProject
Project("{2150E333-8FDC-42A3-9474-1A3956D46DE8}") = "Scripts", "Scripts", "{462A608D-5928-424B-B55D-E38F3DF45FB5}"
ProjectSection(SolutionItems) = preProject
	Scripts\Rename-Project.ps1 = Scripts\Rename-Project.ps1
EndProjectSection
EndProject
Global
	GlobalSection(SolutionConfigurationPlatforms) = preSolution
		Debug|Any CPU = Debug|Any CPU
		Release|Any CPU = Release|Any CPU
	EndGlobalSection
	GlobalSection(ProjectConfigurationPlatforms) = postSolution
		{9CA78843-71C2-4B39-9FE0-9B805119AF41}.Debug|Any CPU.ActiveCfg = Debug|Any CPU
		{9CA78843-71C2-4B39-9FE0-9B805119AF41}.Debug|Any CPU.Build.0 = Debug|Any CPU
		{9CA78843-71C2-4B39-9FE0-9B805119AF41}.Release|Any CPU.ActiveCfg = Release|Any CPU
		{9CA78843-71C2-4B39-9FE0-9B805119AF41}.Release|Any CPU.Build.0 = Release|Any CPU
		{2C29B07B-7C88-4E1A-A096-90CF7AD4ED88}.Debug|Any CPU.ActiveCfg = Debug|Any CPU
		{2C29B07B-7C88-4E1A-A096-90CF7AD4ED88}.Debug|Any CPU.Build.0 = Debug|Any CPU
		{2C29B07B-7C88-4E1A-A096-90CF7AD4ED88}.Release|Any CPU.ActiveCfg = Release|Any CPU
		{2C29B07B-7C88-4E1A-A096-90CF7AD4ED88}.Release|Any CPU.Build.0 = Release|Any CPU
		{250B3F6E-5A42-4E93-8665-FFFD8E8D4D3B}.Debug|Any CPU.ActiveCfg = Debug|Any CPU
		{250B3F6E-5A42-4E93-8665-FFFD8E8D4D3B}.Debug|Any CPU.Build.0 = Debug|Any CPU
		{250B3F6E-5A42-4E93-8665-FFFD8E8D4D3B}.Release|Any CPU.ActiveCfg = Release|Any CPU
		{250B3F6E-5A42-4E93-8665-FFFD8E8D4D3B}.Release|Any CPU.Build.0 = Release|Any CPU
		{B34831D3-F860-4191-AF23-4494FA8298A7}.Debug|Any CPU.ActiveCfg = Debug|Any CPU
		{B34831D3-F860-4191-AF23-4494FA8298A7}.Debug|Any CPU.Build.0 = Debug|Any CPU
		{B34831D3-F860-4191-AF23-4494FA8298A7}.Release|Any CPU.ActiveCfg = Release|Any CPU
		{B34831D3-F860-4191-AF23-4494FA8298A7}.Release|Any CPU.Build.0 = Release|Any CPU
		{9F0A9C49-6D58-4577-8992-511B43DE8E2C}.Debug|Any CPU.ActiveCfg = Debug|Any CPU
		{9F0A9C49-6D58-4577-8992-511B43DE8E2C}.Debug|Any CPU.Build.0 = Debug|Any CPU
		{9F0A9C49-6D58-4577-8992-511B43DE8E2C}.Release|Any CPU.ActiveCfg = Release|Any CPU
		{9F0A9C49-6D58-4577-8992-511B43DE8E2C}.Release|Any CPU.Build.0 = Release|Any CPU
		{82F55634-600E-4184-8F8E-5DADDDE2639E}.Debug|Any CPU.ActiveCfg = Debug|Any CPU
		{82F55634-600E-4184-8F8E-5DADDDE2639E}.Debug|Any CPU.Build.0 = Debug|Any CPU
		{82F55634-600E-4184-8F8E-5DADDDE2639E}.Release|Any CPU.ActiveCfg = Release|Any CPU
		{82F55634-600E-4184-8F8E-5DADDDE2639E}.Release|Any CPU.Build.0 = Release|Any CPU
		{CB0D561D-9B09-4D0F-ADAB-C439EF3023EF}.Debug|Any CPU.ActiveCfg = Debug|Any CPU
		{CB0D561D-9B09-4D0F-ADAB-C439EF3023EF}.Debug|Any CPU.Build.0 = Debug|Any CPU
		{CB0D561D-9B09-4D0F-ADAB-C439EF3023EF}.Release|Any CPU.ActiveCfg = Release|Any CPU
		{CB0D561D-9B09-4D0F-ADAB-C439EF3023EF}.Release|Any CPU.Build.0 = Release|Any CPU
		{203FF3E3-EF43-425C-94AE-C63CC664FDA6}.Debug|Any CPU.ActiveCfg = Debug|Any CPU
		{203FF3E3-EF43-425C-94AE-C63CC664FDA6}.Debug|Any CPU.Build.0 = Debug|Any CPU
		{203FF3E3-EF43-425C-94AE-C63CC664FDA6}.Release|Any CPU.ActiveCfg = Release|Any CPU
		{203FF3E3-EF43-425C-94AE-C63CC664FDA6}.Release|Any CPU.Build.0 = Release|Any CPU
		{8D712E39-FF27-4D20-AB0F-C53AB10DF2BF}.Debug|Any CPU.ActiveCfg = Debug|Any CPU
		{8D712E39-FF27-4D20-AB0F-C53AB10DF2BF}.Debug|Any CPU.Build.0 = Debug|Any CPU
		{8D712E39-FF27-4D20-AB0F-C53AB10DF2BF}.Release|Any CPU.ActiveCfg = Release|Any CPU
		{8D712E39-FF27-4D20-AB0F-C53AB10DF2BF}.Release|Any CPU.Build.0 = Release|Any CPU
		{8871ECC0-896A-4ED3-892F-D3F0F7A1153D}.Debug|Any CPU.ActiveCfg = Debug|Any CPU
		{8871ECC0-896A-4ED3-892F-D3F0F7A1153D}.Debug|Any CPU.Build.0 = Debug|Any CPU
		{8871ECC0-896A-4ED3-892F-D3F0F7A1153D}.Release|Any CPU.ActiveCfg = Release|Any CPU
		{8871ECC0-896A-4ED3-892F-D3F0F7A1153D}.Release|Any CPU.Build.0 = Release|Any CPU
		{08E8FB61-5A2E-4AF9-9441-20AAE0F6F06F}.Debug|Any CPU.ActiveCfg = Debug|Any CPU
		{08E8FB61-5A2E-4AF9-9441-20AAE0F6F06F}.Debug|Any CPU.Build.0 = Debug|Any CPU
		{08E8FB61-5A2E-4AF9-9441-20AAE0F6F06F}.Release|Any CPU.ActiveCfg = Release|Any CPU
		{08E8FB61-5A2E-4AF9-9441-20AAE0F6F06F}.Release|Any CPU.Build.0 = Release|Any CPU
		{4B5BEB46-182C-4581-9D9C-5A930628A0D0}.Debug|Any CPU.ActiveCfg = Debug|Any CPU
		{4B5BEB46-182C-4581-9D9C-5A930628A0D0}.Debug|Any CPU.Build.0 = Debug|Any CPU
		{4B5BEB46-182C-4581-9D9C-5A930628A0D0}.Release|Any CPU.ActiveCfg = Release|Any CPU
		{4B5BEB46-182C-4581-9D9C-5A930628A0D0}.Release|Any CPU.Build.0 = Release|Any CPU
		{4FA58AF2-DF66-4403-A0EF-BC6D80F94323}.Debug|Any CPU.ActiveCfg = Debug|Any CPU
		{4FA58AF2-DF66-4403-A0EF-BC6D80F94323}.Debug|Any CPU.Build.0 = Debug|Any CPU
		{4FA58AF2-DF66-4403-A0EF-BC6D80F94323}.Release|Any CPU.ActiveCfg = Release|Any CPU
		{4FA58AF2-DF66-4403-A0EF-BC6D80F94323}.Release|Any CPU.Build.0 = Release|Any CPU
	EndGlobalSection
	GlobalSection(SolutionProperties) = preSolution
		HideSolutionNode = FALSE
	EndGlobalSection
	GlobalSection(NestedProjects) = preSolution
		{9CA78843-71C2-4B39-9FE0-9B805119AF41} = {86696022-B5A3-416B-81EB-0427FEA87069}
		{2C29B07B-7C88-4E1A-A096-90CF7AD4ED88} = {97B69DAB-27C3-4152-A89B-9A9F0E308468}
		{250B3F6E-5A42-4E93-8665-FFFD8E8D4D3B} = {7201F9E6-D64F-445E-A8AF-0D9292E26BD4}
		{B34831D3-F860-4191-AF23-4494FA8298A7} = {97B69DAB-27C3-4152-A89B-9A9F0E308468}
		{9F0A9C49-6D58-4577-8992-511B43DE8E2C} = {7201F9E6-D64F-445E-A8AF-0D9292E26BD4}
		{82F55634-600E-4184-8F8E-5DADDDE2639E} = {00E0B9FD-547F-4BDA-B256-686EB3F72980}
		{CB0D561D-9B09-4D0F-ADAB-C439EF3023EF} = {7201F9E6-D64F-445E-A8AF-0D9292E26BD4}
		{203FF3E3-EF43-425C-94AE-C63CC664FDA6} = {00E0B9FD-547F-4BDA-B256-686EB3F72980}
		{8D712E39-FF27-4D20-AB0F-C53AB10DF2BF} = {97B69DAB-27C3-4152-A89B-9A9F0E308468}
		{8871ECC0-896A-4ED3-892F-D3F0F7A1153D} = {00E0B9FD-547F-4BDA-B256-686EB3F72980}
		{08E8FB61-5A2E-4AF9-9441-20AAE0F6F06F} = {7201F9E6-D64F-445E-A8AF-0D9292E26BD4}
		{4B5BEB46-182C-4581-9D9C-5A930628A0D0} = {00E0B9FD-547F-4BDA-B256-686EB3F72980}
		{4FA58AF2-DF66-4403-A0EF-BC6D80F94323} = {00E0B9FD-547F-4BDA-B256-686EB3F72980}
	EndGlobalSection
	GlobalSection(ExtensibilityGlobals) = postSolution
		SolutionGuid = {4238F09D-9390-4968-9F7E-91CB3EF992DA}
	EndGlobalSection
EndGlobal
